
Microsoft Visual Studio Solution File, Format Version 12.00
# Visual Studio Version 16
VisualStudioVersion = 25.0.1705.6
MinimumVisualStudioVersion = 10.0.40219.1
Project("{FAE04EC0-301F-11D3-BF4B-00C04F79EFBC}") = "Backend_Test", "Backend_Test\Backend_Test.csproj", "{7AEB8540-E8C5-4A2B-A332-D703B167F039}"
EndProject
Global
	GlobalSection(SolutionConfigurationPlatforms) = preSolution
		Debug|Any CPU = Debug|Any CPU
		Release|Any CPU = Release|Any CPU
	EndGlobalSection
	GlobalSection(ProjectConfigurationPlatforms) = postSolution
		{7AEB8540-E8C5-4A2B-A332-D703B167F039}.Debug|Any CPU.ActiveCfg = Debug|Any CPU
		{7AEB8540-E8C5-4A2B-A332-D703B167F039}.Debug|Any CPU.Build.0 = Debug|Any CPU
		{7AEB8540-E8C5-4A2B-A332-D703B167F039}.Release|Any CPU.ActiveCfg = Release|Any CPU
		{7AEB8540-E8C5-4A2B-A332-D703B167F039}.Release|Any CPU.Build.0 = Release|Any CPU
	EndGlobalSection
	GlobalSection(SolutionProperties) = preSolution
		HideSolutionNode = FALSE
	EndGlobalSection
	GlobalSection(ExtensibilityGlobals) = postSolution
		SolutionGuid = {8ED30F2A-B668-4071-B1A1-DAEB40C04CB1}
	EndGlobalSection
EndGlobal
